
Microsoft Visual Studio Solution File, Format Version 12.00
# Visual Studio Version 16
VisualStudioVersion = 16.0.31624.102
MinimumVisualStudioVersion = 10.0.40219.1
Project("{FAE04EC0-301F-11D3-BF4B-00C04F79EFBC}") = "WcfClient", "WcfClient\WcfClient.csproj", "{4349B7FA-3E52-4A8F-BE94-6E1537098607}"
EndProject
Global
	GlobalSection(SolutionConfigurationPlatforms) = preSolution
		Debug|Any CPU = Debug|Any CPU
		Release|Any CPU = Release|Any CPU
	EndGlobalSection
	GlobalSection(ProjectConfigurationPlatforms) = postSolution
		{4349B7FA-3E52-4A8F-BE94-6E1537098607}.Debug|Any CPU.ActiveCfg = Debug|Any CPU
		{4349B7FA-3E52-4A8F-BE94-6E1537098607}.Debug|Any CPU.Build.0 = Debug|Any CPU
		{4349B7FA-3E52-4A8F-BE94-6E1537098607}.Release|Any CPU.ActiveCfg = Release|Any CPU
		{4349B7FA-3E52-4A8F-BE94-6E1537098607}.Release|Any CPU.Build.0 = Release|Any CPU
	EndGlobalSection
	GlobalSection(SolutionProperties) = preSolution
		HideSolutionNode = FALSE
	EndGlobalSection
	GlobalSection(ExtensibilityGlobals) = postSolution
		SolutionGuid = {87F4C0AE-C23D-42FA-9ABA-34D117E2794B}
	EndGlobalSection
EndGlobal
